
Microsoft Visual Studio Solution File, Format Version 12.00
# Visual Studio Version 17
VisualStudioVersion = 17.0.31521.260
MinimumVisualStudioVersion = 10.0.40219.1
Project("{2150E333-8FDC-42A3-9474-1A3956D46DE8}") = "src", "src", "{ED3DA9DD-1E07-444B-A2D7-2DBA280F96D4}"
EndProject
Project("{2150E333-8FDC-42A3-9474-1A3956D46DE8}") = "Solution Items", "Solution Items", "{2CE637DC-E8F5-4603-8B57-E51A32F631F1}"
	ProjectSection(SolutionItems) = preProject
		.editorconfig = .editorconfig
		Generate-ReleaseNotes.bat = Generate-ReleaseNotes.bat
		PackageReadme.md = PackageReadme.md
		PackageReleaseNotes.template = PackageReleaseNotes.template
		PackageReleaseNotes.txt = PackageReleaseNotes.txt
		README.md = README.md
		ReleaseNotes.md = ReleaseNotes.md
		ToDo.md = ToDo.md
	EndProjectSection
EndProject
Project("{2150E333-8FDC-42A3-9474-1A3956D46DE8}") = "tests", "tests", "{19009F5B-3267-45E2-A8B6-89F2AB47D72C}"
EndProject
Project("{2150E333-8FDC-42A3-9474-1A3956D46DE8}") = "src-examples", "src-examples", "{38BA087F-EDA1-4F8A-A140-85B84791B815}"
EndProject
Project("{9A19103F-16F7-4668-BE54-9A1E7A4F7556}") = "ProxyInterfaceSourceGenerator", "src\ProxyInterfaceSourceGenerator\ProxyInterfaceSourceGenerator.csproj", "{12344228-91F4-4502-9595-39584E5ABB34}"
EndProject
Project("{9A19103F-16F7-4668-BE54-9A1E7A4F7556}") = "ProxyInterfaceConsumer", "src-examples\ProxyInterfaceConsumer\ProxyInterfaceConsumer.csproj", "{7E0A10EE-CCC3-4281-9541-B0AF037D3DF9}"
EndProject
Project("{9A19103F-16F7-4668-BE54-9A1E7A4F7556}") = "ProxyInterfaceSourceGeneratorTests", "tests\ProxyInterfaceSourceGeneratorTests\ProxyInterfaceSourceGeneratorTests.csproj", "{1BDB9046-D6D1-4FB4-AAB5-F24E33EEAE0A}"
EndProject
Project("{9A19103F-16F7-4668-BE54-9A1E7A4F7556}") = "ProxyInterfaceConsumerForPnP", "src-examples\ProxyInterfaceConsumerForPnP\ProxyInterfaceConsumerForPnP.csproj", "{5F7DA2C5-B908-4B57-9F5F-BADF1216D89C}"
EndProject
Project("{9A19103F-16F7-4668-BE54-9A1E7A4F7556}") = "ProxyInterfaceConsumerForAkka", "src-examples\ProxyInterfaceConsumerForAkka\ProxyInterfaceConsumerForAkka.csproj", "{590908DF-A813-467A-94E4-3500020D0D54}"
EndProject
Project("{9A19103F-16F7-4668-BE54-9A1E7A4F7556}") = "ProxyInterfaceConsumerViaNuGet", "src-examples\ProxyInterfaceConsumerViaNuGet\ProxyInterfaceConsumerViaNuGet.csproj", "{1EA000E4-6103-4577-8D98-BDDA3BE458A2}"
EndProject
Project("{9A19103F-16F7-4668-BE54-9A1E7A4F7556}") = "IHttpClient", "src\IHttpClient\IHttpClient.csproj", "{38C2BB6E-EE23-4C4F-B8D5-A2AD592DE5E3}"
EndProject
Project("{9A19103F-16F7-4668-BE54-9A1E7A4F7556}") = "ConsoleAppIHttpClient", "src-examples\ConsoleAppIHttpClient\ConsoleAppIHttpClient.csproj", "{3E93C092-0E42-4200-B71A-5EEE410FE1F5}"
EndProject
Global
	GlobalSection(SolutionConfigurationPlatforms) = preSolution
		Debug|Any CPU = Debug|Any CPU
		DebugAttach|Any CPU = DebugAttach|Any CPU
		Release|Any CPU = Release|Any CPU
	EndGlobalSection
	GlobalSection(ProjectConfigurationPlatforms) = postSolution
		{12344228-91F4-4502-9595-39584E5ABB34}.Debug|Any CPU.ActiveCfg = Debug|Any CPU
		{12344228-91F4-4502-9595-39584E5ABB34}.Debug|Any CPU.Build.0 = Debug|Any CPU
		{12344228-91F4-4502-9595-39584E5ABB34}.DebugAttach|Any CPU.ActiveCfg = DebugAttach|Any CPU
		{12344228-91F4-4502-9595-39584E5ABB34}.DebugAttach|Any CPU.Build.0 = DebugAttach|Any CPU
		{12344228-91F4-4502-9595-39584E5ABB34}.Release|Any CPU.ActiveCfg = Release|Any CPU
		{12344228-91F4-4502-9595-39584E5ABB34}.Release|Any CPU.Build.0 = Release|Any CPU
		{7E0A10EE-CCC3-4281-9541-B0AF037D3DF9}.Debug|Any CPU.ActiveCfg = Debug|Any CPU
		{7E0A10EE-CCC3-4281-9541-B0AF037D3DF9}.Debug|Any CPU.Build.0 = Debug|Any CPU
		{7E0A10EE-CCC3-4281-9541-B0AF037D3DF9}.DebugAttach|Any CPU.ActiveCfg = Debug|Any CPU
		{7E0A10EE-CCC3-4281-9541-B0AF037D3DF9}.Release|Any CPU.ActiveCfg = Release|Any CPU
		{7E0A10EE-CCC3-4281-9541-B0AF037D3DF9}.Release|Any CPU.Build.0 = Release|Any CPU
		{1BDB9046-D6D1-4FB4-AAB5-F24E33EEAE0A}.Debug|Any CPU.ActiveCfg = Debug|Any CPU
		{1BDB9046-D6D1-4FB4-AAB5-F24E33EEAE0A}.Debug|Any CPU.Build.0 = Debug|Any CPU
		{1BDB9046-D6D1-4FB4-AAB5-F24E33EEAE0A}.DebugAttach|Any CPU.ActiveCfg = DebugAttach|Any CPU
		{1BDB9046-D6D1-4FB4-AAB5-F24E33EEAE0A}.DebugAttach|Any CPU.Build.0 = DebugAttach|Any CPU
		{1BDB9046-D6D1-4FB4-AAB5-F24E33EEAE0A}.Release|Any CPU.ActiveCfg = Release|Any CPU
		{1BDB9046-D6D1-4FB4-AAB5-F24E33EEAE0A}.Release|Any CPU.Build.0 = Release|Any CPU
		{5F7DA2C5-B908-4B57-9F5F-BADF1216D89C}.Debug|Any CPU.ActiveCfg = Debug|Any CPU
		{5F7DA2C5-B908-4B57-9F5F-BADF1216D89C}.Debug|Any CPU.Build.0 = Debug|Any CPU
		{5F7DA2C5-B908-4B57-9F5F-BADF1216D89C}.DebugAttach|Any CPU.ActiveCfg = Debug|Any CPU
		{5F7DA2C5-B908-4B57-9F5F-BADF1216D89C}.DebugAttach|Any CPU.Build.0 = Debug|Any CPU
		{5F7DA2C5-B908-4B57-9F5F-BADF1216D89C}.Release|Any CPU.ActiveCfg = Release|Any CPU
		{5F7DA2C5-B908-4B57-9F5F-BADF1216D89C}.Release|Any CPU.Build.0 = Release|Any CPU
		{590908DF-A813-467A-94E4-3500020D0D54}.Debug|Any CPU.ActiveCfg = Debug|Any CPU
		{590908DF-A813-467A-94E4-3500020D0D54}.Debug|Any CPU.Build.0 = Debug|Any CPU
		{590908DF-A813-467A-94E4-3500020D0D54}.DebugAttach|Any CPU.ActiveCfg = Debug|Any CPU
		{590908DF-A813-467A-94E4-3500020D0D54}.DebugAttach|Any CPU.Build.0 = Debug|Any CPU
		{590908DF-A813-467A-94E4-3500020D0D54}.Release|Any CPU.ActiveCfg = Release|Any CPU
		{590908DF-A813-467A-94E4-3500020D0D54}.Release|Any CPU.Build.0 = Release|Any CPU
		{1EA000E4-6103-4577-8D98-BDDA3BE458A2}.Debug|Any CPU.ActiveCfg = Debug|Any CPU
		{1EA000E4-6103-4577-8D98-BDDA3BE458A2}.Debug|Any CPU.Build.0 = Debug|Any CPU
		{1EA000E4-6103-4577-8D98-BDDA3BE458A2}.DebugAttach|Any CPU.ActiveCfg = Debug|Any CPU
		{1EA000E4-6103-4577-8D98-BDDA3BE458A2}.DebugAttach|Any CPU.Build.0 = Debug|Any CPU
		{1EA000E4-6103-4577-8D98-BDDA3BE458A2}.Release|Any CPU.ActiveCfg = Release|Any CPU
		{1EA000E4-6103-4577-8D98-BDDA3BE458A2}.Release|Any CPU.Build.0 = Release|Any CPU
		{38C2BB6E-EE23-4C4F-B8D5-A2AD592DE5E3}.Debug|Any CPU.ActiveCfg = Debug|Any CPU
		{38C2BB6E-EE23-4C4F-B8D5-A2AD592DE5E3}.Debug|Any CPU.Build.0 = Debug|Any CPU
		{38C2BB6E-EE23-4C4F-B8D5-A2AD592DE5E3}.DebugAttach|Any CPU.ActiveCfg = Debug|Any CPU
		{38C2BB6E-EE23-4C4F-B8D5-A2AD592DE5E3}.DebugAttach|Any CPU.Build.0 = Debug|Any CPU
		{38C2BB6E-EE23-4C4F-B8D5-A2AD592DE5E3}.Release|Any CPU.ActiveCfg = Release|Any CPU
		{38C2BB6E-EE23-4C4F-B8D5-A2AD592DE5E3}.Release|Any CPU.Build.0 = Release|Any CPU
		{3E93C092-0E42-4200-B71A-5EEE410FE1F5}.Debug|Any CPU.ActiveCfg = Debug|Any CPU
		{3E93C092-0E42-4200-B71A-5EEE410FE1F5}.Debug|Any CPU.Build.0 = Debug|Any CPU
		{3E93C092-0E42-4200-B71A-5EEE410FE1F5}.DebugAttach|Any CPU.ActiveCfg = Debug|Any CPU
		{3E93C092-0E42-4200-B71A-5EEE410FE1F5}.DebugAttach|Any CPU.Build.0 = Debug|Any CPU
		{3E93C092-0E42-4200-B71A-5EEE410FE1F5}.Release|Any CPU.ActiveCfg = Release|Any CPU
		{3E93C092-0E42-4200-B71A-5EEE410FE1F5}.Release|Any CPU.Build.0 = Release|Any CPU
	EndGlobalSection
	GlobalSection(SolutionProperties) = preSolution
		HideSolutionNode = FALSE
	EndGlobalSection
	GlobalSection(NestedProjects) = preSolution
		{12344228-91F4-4502-9595-39584E5ABB34} = {ED3DA9DD-1E07-444B-A2D7-2DBA280F96D4}
		{7E0A10EE-CCC3-4281-9541-B0AF037D3DF9} = {38BA087F-EDA1-4F8A-A140-85B84791B815}
		{1BDB9046-D6D1-4FB4-AAB5-F24E33EEAE0A} = {19009F5B-3267-45E2-A8B6-89F2AB47D72C}
		{5F7DA2C5-B908-4B57-9F5F-BADF1216D89C} = {38BA087F-EDA1-4F8A-A140-85B84791B815}
		{590908DF-A813-467A-94E4-3500020D0D54} = {38BA087F-EDA1-4F8A-A140-85B84791B815}
		{1EA000E4-6103-4577-8D98-BDDA3BE458A2} = {38BA087F-EDA1-4F8A-A140-85B84791B815}
		{38C2BB6E-EE23-4C4F-B8D5-A2AD592DE5E3} = {ED3DA9DD-1E07-444B-A2D7-2DBA280F96D4}
		{3E93C092-0E42-4200-B71A-5EEE410FE1F5} = {38BA087F-EDA1-4F8A-A140-85B84791B815}
	EndGlobalSection
	GlobalSection(ExtensibilityGlobals) = postSolution
		SolutionGuid = {585F071D-051D-441C-9C6B-226D9E15A1F5}
	EndGlobalSection
EndGlobal
